// !$*UTF8*$!
{
	archiveVersion = 1;
	classes = {
	};
	objectVersion = 50;
	objects = {

/* Begin PBXBuildFile section */
		6281813F2323B0EF00D9879D /* CameraRollManagerImagePreviewVC.swift in Sources */ = {isa = PBXBuildFile; fileRef = 6281813E2323B0EF00D9879D /* CameraRollManagerImagePreviewVC.swift */; };
		62E34193232E9D2E005E96A7 /* MetalCanvasExample.app in Resources */ = {isa = PBXBuildFile; fileRef = 62E34192232E9D2E005E96A7 /* MetalCanvasExample.app */; };
		62E5CA2822901A72004D258A /* AppDelegate.swift in Sources */ = {isa = PBXBuildFile; fileRef = 62E5CA2722901A72004D258A /* AppDelegate.swift */; };
		62E5CA2D22901A72004D258A /* Main.storyboard in Resources */ = {isa = PBXBuildFile; fileRef = 62E5CA2B22901A72004D258A /* Main.storyboard */; };
		62E5CA2F22901A74004D258A /* Assets.xcassets in Resources */ = {isa = PBXBuildFile; fileRef = 62E5CA2E22901A74004D258A /* Assets.xcassets */; };
		62E5CA3222901A74004D258A /* LaunchScreen.storyboard in Resources */ = {isa = PBXBuildFile; fileRef = 62E5CA3022901A74004D258A /* LaunchScreen.storyboard */; };
		62E5CB3222904BD3004D258A /* MetalVideoCaptureViewExampleVC.swift in Sources */ = {isa = PBXBuildFile; fileRef = 62E5CB2522904BD3004D258A /* MetalVideoCaptureViewExampleVC.swift */; };
		62E5CB3322904BD3004D258A /* MTLCIColorMonochromeLayer.swift in Sources */ = {isa = PBXBuildFile; fileRef = 62E5CB2722904BD3004D258A /* MTLCIColorMonochromeLayer.swift */; };
		62E5CB3422904BD3004D258A /* CIColorMonochromeLayer.swift in Sources */ = {isa = PBXBuildFile; fileRef = 62E5CB2822904BD3004D258A /* CIColorMonochromeLayer.swift */; };
		62E5CB3522904BD3004D258A /* MetalVideoPlaybackViewExampleVC.swift in Sources */ = {isa = PBXBuildFile; fileRef = 62E5CB2922904BD3004D258A /* MetalVideoPlaybackViewExampleVC.swift */; };
		62E5CB3622904BD3004D258A /* VideoBitRateEncoderExampleVC.swift in Sources */ = {isa = PBXBuildFile; fileRef = 62E5CB2A22904BD3004D258A /* VideoBitRateEncoderExampleVC.swift */; };
		62E5CB3722904BD3004D258A /* ProgressViewVC.swift in Sources */ = {isa = PBXBuildFile; fileRef = 62E5CB2B22904BD3004D258A /* ProgressViewVC.swift */; };
		62E5CB3822904BD3004D258A /* RenderLayerExampleVC.swift in Sources */ = {isa = PBXBuildFile; fileRef = 62E5CB2C22904BD3004D258A /* RenderLayerExampleVC.swift */; };
		62E5CB3922904BD3004D258A /* CodableExampleVC.swift in Sources */ = {isa = PBXBuildFile; fileRef = 62E5CB2D22904BD3004D258A /* CodableExampleVC.swift */; };
		62E5CB3A22904BD3004D258A /* CameraRollManagerVC.swift in Sources */ = {isa = PBXBuildFile; fileRef = 62E5CB2E22904BD3004D258A /* CameraRollManagerVC.swift */; };
		62E5CB3B22904BD3004D258A /* CompositionAVPlayerExampleVC.swift in Sources */ = {isa = PBXBuildFile; fileRef = 62E5CB2F22904BD3004D258A /* CompositionAVPlayerExampleVC.swift */; };
		62E5CB3C22904BD3004D258A /* ImageCaptureExampleVC.swift in Sources */ = {isa = PBXBuildFile; fileRef = 62E5CB3022904BD3004D258A /* ImageCaptureExampleVC.swift */; };
		62E5CB3D22904BD3004D258A /* CameraRollManagerVideoPreviewVC.swift in Sources */ = {isa = PBXBuildFile; fileRef = 62E5CB3122904BD3004D258A /* CameraRollManagerVideoPreviewVC.swift */; };
		62E5CB3F22904DB7004D258A /* iOS_DummyAVAssets.framework in Frameworks */ = {isa = PBXBuildFile; fileRef = 62E5CB3E22904DB7004D258A /* iOS_DummyAVAssets.framework */; };
		62E5CB4022904DB7004D258A /* iOS_DummyAVAssets.framework in Embed Frameworks */ = {isa = PBXBuildFile; fileRef = 62E5CB3E22904DB7004D258A /* iOS_DummyAVAssets.framework */; settings = {ATTRIBUTES = (CodeSignOnCopy, RemoveHeadersOnCopy, ); }; };
		62E5CB4222904DEB004D258A /* CameraCore.framework in Frameworks */ = {isa = PBXBuildFile; fileRef = 62E5CB4122904DEB004D258A /* CameraCore.framework */; };
		62E5CB4322904DEB004D258A /* CameraCore.framework in Embed Frameworks */ = {isa = PBXBuildFile; fileRef = 62E5CB4122904DEB004D258A /* CameraCore.framework */; settings = {ATTRIBUTES = (CodeSignOnCopy, RemoveHeadersOnCopy, ); }; };
		62E5CB4522904DEB004D258A /* MetalCanvas.framework in Frameworks */ = {isa = PBXBuildFile; fileRef = 62E5CB4422904DEB004D258A /* MetalCanvas.framework */; };
		62E5CB4622904DEB004D258A /* MetalCanvas.framework in Embed Frameworks */ = {isa = PBXBuildFile; fileRef = 62E5CB4422904DEB004D258A /* MetalCanvas.framework */; settings = {ATTRIBUTES = (CodeSignOnCopy, RemoveHeadersOnCopy, ); }; };
/* End PBXBuildFile section */

/* Begin PBXCopyFilesBuildPhase section */
		62E5CA3C2290477B004D258A /* Embed Frameworks */ = {
			isa = PBXCopyFilesBuildPhase;
			buildActionMask = 2147483647;
			dstPath = "";
			dstSubfolderSpec = 10;
			files = (
				62E5CB4622904DEB004D258A /* MetalCanvas.framework in Embed Frameworks */,
				62E5CB4322904DEB004D258A /* CameraCore.framework in Embed Frameworks */,
				62E5CB4022904DB7004D258A /* iOS_DummyAVAssets.framework in Embed Frameworks */,
			);
			name = "Embed Frameworks";
			runOnlyForDeploymentPostprocessing = 0;
		};
/* End PBXCopyFilesBuildPhase section */

/* Begin PBXFileReference section */
		6281813E2323B0EF00D9879D /* CameraRollManagerImagePreviewVC.swift */ = {isa = PBXFileReference; lastKnownFileType = sourcecode.swift; path = CameraRollManagerImagePreviewVC.swift; sourceTree = "<group>"; };
		62E34192232E9D2E005E96A7 /* MetalCanvasExample.app */ = {isa = PBXFileReference; explicitFileType = wrapper.application; path = MetalCanvasExample.app; sourceTree = BUILT_PRODUCTS_DIR; };
		62E5CA2422901A72004D258A /* CameraCoreExample.app */ = {isa = PBXFileReference; explicitFileType = wrapper.application; includeInIndex = 0; path = CameraCoreExample.app; sourceTree = BUILT_PRODUCTS_DIR; };
		62E5CA2722901A72004D258A /* AppDelegate.swift */ = {isa = PBXFileReference; lastKnownFileType = sourcecode.swift; path = AppDelegate.swift; sourceTree = "<group>"; };
		62E5CA2C22901A72004D258A /* Base */ = {isa = PBXFileReference; lastKnownFileType = file.storyboard; name = Base; path = Base.lproj/Main.storyboard; sourceTree = "<group>"; };
		62E5CA2E22901A74004D258A /* Assets.xcassets */ = {isa = PBXFileReference; lastKnownFileType = folder.assetcatalog; path = Assets.xcassets; sourceTree = "<group>"; };
		62E5CA3122901A74004D258A /* Base */ = {isa = PBXFileReference; lastKnownFileType = file.storyboard; name = Base; path = Base.lproj/LaunchScreen.storyboard; sourceTree = "<group>"; };
		62E5CA3322901A74004D258A /* Info.plist */ = {isa = PBXFileReference; lastKnownFileType = text.plist.xml; path = Info.plist; sourceTree = "<group>"; };
		62E5CB2522904BD3004D258A /* MetalVideoCaptureViewExampleVC.swift */ = {isa = PBXFileReference; fileEncoding = 4; lastKnownFileType = sourcecode.swift; path = MetalVideoCaptureViewExampleVC.swift; sourceTree = "<group>"; };
		62E5CB2722904BD3004D258A /* MTLCIColorMonochromeLayer.swift */ = {isa = PBXFileReference; fileEncoding = 4; lastKnownFileType = sourcecode.swift; path = MTLCIColorMonochromeLayer.swift; sourceTree = "<group>"; };
		62E5CB2822904BD3004D258A /* CIColorMonochromeLayer.swift */ = {isa = PBXFileReference; fileEncoding = 4; lastKnownFileType = sourcecode.swift; path = CIColorMonochromeLayer.swift; sourceTree = "<group>"; };
		62E5CB2922904BD3004D258A /* MetalVideoPlaybackViewExampleVC.swift */ = {isa = PBXFileReference; fileEncoding = 4; lastKnownFileType = sourcecode.swift; path = MetalVideoPlaybackViewExampleVC.swift; sourceTree = "<group>"; };
		62E5CB2A22904BD3004D258A /* VideoBitRateEncoderExampleVC.swift */ = {isa = PBXFileReference; fileEncoding = 4; lastKnownFileType = sourcecode.swift; path = VideoBitRateEncoderExampleVC.swift; sourceTree = "<group>"; };
		62E5CB2B22904BD3004D258A /* ProgressViewVC.swift */ = {isa = PBXFileReference; fileEncoding = 4; lastKnownFileType = sourcecode.swift; path = ProgressViewVC.swift; sourceTree = "<group>"; };
		62E5CB2C22904BD3004D258A /* RenderLayerExampleVC.swift */ = {isa = PBXFileReference; fileEncoding = 4; lastKnownFileType = sourcecode.swift; path = RenderLayerExampleVC.swift; sourceTree = "<group>"; };
		62E5CB2D22904BD3004D258A /* CodableExampleVC.swift */ = {isa = PBXFileReference; fileEncoding = 4; lastKnownFileType = sourcecode.swift; path = CodableExampleVC.swift; sourceTree = "<group>"; };
		62E5CB2E22904BD3004D258A /* CameraRollManagerVC.swift */ = {isa = PBXFileReference; fileEncoding = 4; lastKnownFileType = sourcecode.swift; path = CameraRollManagerVC.swift; sourceTree = "<group>"; };
		62E5CB2F22904BD3004D258A /* CompositionAVPlayerExampleVC.swift */ = {isa = PBXFileReference; fileEncoding = 4; lastKnownFileType = sourcecode.swift; path = CompositionAVPlayerExampleVC.swift; sourceTree = "<group>"; };
		62E5CB3022904BD3004D258A /* ImageCaptureExampleVC.swift */ = {isa = PBXFileReference; fileEncoding = 4; lastKnownFileType = sourcecode.swift; path = ImageCaptureExampleVC.swift; sourceTree = "<group>"; };
		62E5CB3122904BD3004D258A /* CameraRollManagerVideoPreviewVC.swift */ = {isa = PBXFileReference; fileEncoding = 4; lastKnownFileType = sourcecode.swift; path = CameraRollManagerVideoPreviewVC.swift; sourceTree = "<group>"; };
		62E5CB3E22904DB7004D258A /* iOS_DummyAVAssets.framework */ = {isa = PBXFileReference; lastKnownFileType = wrapper.framework; name = iOS_DummyAVAssets.framework; path = ../Carthage/Build/iOS/iOS_DummyAVAssets.framework; sourceTree = "<group>"; };
		62E5CB4122904DEB004D258A /* CameraCore.framework */ = {isa = PBXFileReference; explicitFileType = wrapper.framework; path = CameraCore.framework; sourceTree = BUILT_PRODUCTS_DIR; };
		62E5CB4422904DEB004D258A /* MetalCanvas.framework */ = {isa = PBXFileReference; explicitFileType = wrapper.framework; path = MetalCanvas.framework; sourceTree = BUILT_PRODUCTS_DIR; };
/* End PBXFileReference section */

/* Begin PBXFrameworksBuildPhase section */
		62E5CA2122901A72004D258A /* Frameworks */ = {
			isa = PBXFrameworksBuildPhase;
			buildActionMask = 2147483647;
			files = (
				62E5CB4522904DEB004D258A /* MetalCanvas.framework in Frameworks */,
				62E5CB4222904DEB004D258A /* CameraCore.framework in Frameworks */,
				62E5CB3F22904DB7004D258A /* iOS_DummyAVAssets.framework in Frameworks */,
			);
			runOnlyForDeploymentPostprocessing = 0;
		};
/* End PBXFrameworksBuildPhase section */

/* Begin PBXGroup section */
		62E34191232E9D2E005E96A7 /* Frameworks */ = {
			isa = PBXGroup;
			children = (
				62E34192232E9D2E005E96A7 /* MetalCanvasExample.app */,
			);
			name = Frameworks;
			sourceTree = "<group>";
		};
		62E5CA1B22901A72004D258A = {
			isa = PBXGroup;
			children = (
				62E5CB4422904DEB004D258A /* MetalCanvas.framework */,
				62E5CB4122904DEB004D258A /* CameraCore.framework */,
				62E5CB3E22904DB7004D258A /* iOS_DummyAVAssets.framework */,
				62E5CA2622901A72004D258A /* CameraCoreExample */,
				62E5CA2522901A72004D258A /* Products */,
				62E34191232E9D2E005E96A7 /* Frameworks */,
			);
			sourceTree = "<group>";
		};
		62E5CA2522901A72004D258A /* Products */ = {
			isa = PBXGroup;
			children = (
				62E5CA2422901A72004D258A /* CameraCoreExample.app */,
			);
			name = Products;
			sourceTree = "<group>";
		};
		62E5CA2622901A72004D258A /* CameraCoreExample */ = {
			isa = PBXGroup;
			children = (
				62E5CA2722901A72004D258A /* AppDelegate.swift */,
				62E5CB3122904BD3004D258A /* CameraRollManagerVideoPreviewVC.swift */,
				6281813E2323B0EF00D9879D /* CameraRollManagerImagePreviewVC.swift */,
				62E5CB2E22904BD3004D258A /* CameraRollManagerVC.swift */,
				62E5CB2D22904BD3004D258A /* CodableExampleVC.swift */,
				62E5CB2F22904BD3004D258A /* CompositionAVPlayerExampleVC.swift */,
				62E5CB3022904BD3004D258A /* ImageCaptureExampleVC.swift */,
				62E5CB2522904BD3004D258A /* MetalVideoCaptureViewExampleVC.swift */,
				62E5CB2922904BD3004D258A /* MetalVideoPlaybackViewExampleVC.swift */,
				62E5CB2B22904BD3004D258A /* ProgressViewVC.swift */,
				62E5CB2C22904BD3004D258A /* RenderLayerExampleVC.swift */,
				62E5CB2A22904BD3004D258A /* VideoBitRateEncoderExampleVC.swift */,
				62E5CB2622904BD3004D258A /* RenderLayer */,
				62E5CA2B22901A72004D258A /* Main.storyboard */,
				62E5CA2E22901A74004D258A /* Assets.xcassets */,
				62E5CA3022901A74004D258A /* LaunchScreen.storyboard */,
				62E5CA3322901A74004D258A /* Info.plist */,
			);
			path = CameraCoreExample;
			sourceTree = "<group>";
		};
		62E5CB2622904BD3004D258A /* RenderLayer */ = {
			isa = PBXGroup;
			children = (
				62E5CB2722904BD3004D258A /* MTLCIColorMonochromeLayer.swift */,
				62E5CB2822904BD3004D258A /* CIColorMonochromeLayer.swift */,
			);
			path = RenderLayer;
			sourceTree = "<group>";
		};
/* End PBXGroup section */

/* Begin PBXNativeTarget section */
		62E5CA2322901A72004D258A /* CameraCoreExample */ = {
			isa = PBXNativeTarget;
			buildConfigurationList = 62E5CA3622901A74004D258A /* Build configuration list for PBXNativeTarget "CameraCoreExample" */;
			buildPhases = (
				62E5CA2022901A72004D258A /* Sources */,
				62E5CA2122901A72004D258A /* Frameworks */,
				62E5CA2222901A72004D258A /* Resources */,
				62E5CA3C2290477B004D258A /* Embed Frameworks */,
			);
			buildRules = (
			);
			dependencies = (
			);
			name = CameraCoreExample;
			productName = CameraCoreExample;
			productReference = 62E5CA2422901A72004D258A /* CameraCoreExample.app */;
			productType = "com.apple.product-type.application";
		};
/* End PBXNativeTarget section */

/* Begin PBXProject section */
		62E5CA1C22901A72004D258A /* Project object */ = {
			isa = PBXProject;
			attributes = {
				LastSwiftUpdateCheck = 1020;
				LastUpgradeCheck = 1020;
				ORGANIZATIONNAME = "hideyuki machida";
				TargetAttributes = {
					62E5CA2322901A72004D258A = {
						CreatedOnToolsVersion = 10.2.1;
					};
				};
			};
			buildConfigurationList = 62E5CA1F22901A72004D258A /* Build configuration list for PBXProject "CameraCoreExample" */;
			compatibilityVersion = "Xcode 9.3";
			developmentRegion = en;
			hasScannedForEncodings = 0;
			knownRegions = (
				en,
				Base,
			);
			mainGroup = 62E5CA1B22901A72004D258A;
			productRefGroup = 62E5CA2522901A72004D258A /* Products */;
			projectDirPath = "";
			projectRoot = "";
			targets = (
				62E5CA2322901A72004D258A /* CameraCoreExample */,
			);
		};
/* End PBXProject section */

/* Begin PBXResourcesBuildPhase section */
		62E5CA2222901A72004D258A /* Resources */ = {
			isa = PBXResourcesBuildPhase;
			buildActionMask = 2147483647;
			files = (
				62E34193232E9D2E005E96A7 /* MetalCanvasExample.app in Resources */,
				62E5CA3222901A74004D258A /* LaunchScreen.storyboard in Resources */,
				62E5CA2F22901A74004D258A /* Assets.xcassets in Resources */,
				62E5CA2D22901A72004D258A /* Main.storyboard in Resources */,
			);
			runOnlyForDeploymentPostprocessing = 0;
		};
/* End PBXResourcesBuildPhase section */

/* Begin PBXSourcesBuildPhase section */
		62E5CA2022901A72004D258A /* Sources */ = {
			isa = PBXSourcesBuildPhase;
			buildActionMask = 2147483647;
			files = (
				62E5CB3722904BD3004D258A /* ProgressViewVC.swift in Sources */,
				62E5CB3622904BD3004D258A /* VideoBitRateEncoderExampleVC.swift in Sources */,
				62E5CB3B22904BD3004D258A /* CompositionAVPlayerExampleVC.swift in Sources */,
				62E5CB3822904BD3004D258A /* RenderLayerExampleVC.swift in Sources */,
				62E5CB3A22904BD3004D258A /* CameraRollManagerVC.swift in Sources */,
				62E5CB3222904BD3004D258A /* MetalVideoCaptureViewExampleVC.swift in Sources */,
				62E5CB3322904BD3004D258A /* MTLCIColorMonochromeLayer.swift in Sources */,
				6281813F2323B0EF00D9879D /* CameraRollManagerImagePreviewVC.swift in Sources */,
				62E5CB3D22904BD3004D258A /* CameraRollManagerVideoPreviewVC.swift in Sources */,
				62E5CA2822901A72004D258A /* AppDelegate.swift in Sources */,
				62E5CB3422904BD3004D258A /* CIColorMonochromeLayer.swift in Sources */,
				62E5CB3C22904BD3004D258A /* ImageCaptureExampleVC.swift in Sources */,
				62E5CB3922904BD3004D258A /* CodableExampleVC.swift in Sources */,
				62E5CB3522904BD3004D258A /* MetalVideoPlaybackViewExampleVC.swift in Sources */,
			);
			runOnlyForDeploymentPostprocessing = 0;
		};
/* End PBXSourcesBuildPhase section */

/* Begin PBXVariantGroup section */
		62E5CA2B22901A72004D258A /* Main.storyboard */ = {
			isa = PBXVariantGroup;
			children = (
				62E5CA2C22901A72004D258A /* Base */,
			);
			name = Main.storyboard;
			sourceTree = "<group>";
		};
		62E5CA3022901A74004D258A /* LaunchScreen.storyboard */ = {
			isa = PBXVariantGroup;
			children = (
				62E5CA3122901A74004D258A /* Base */,
			);
			name = LaunchScreen.storyboard;
			sourceTree = "<group>";
		};
/* End PBXVariantGroup section */

/* Begin XCBuildConfiguration section */
		62E5CA3422901A74004D258A /* Debug */ = {
			isa = XCBuildConfiguration;
			buildSettings = {
				ALWAYS_SEARCH_USER_PATHS = NO;
				CLANG_ANALYZER_NONNULL = YES;
				CLANG_ANALYZER_NUMBER_OBJECT_CONVERSION = YES_AGGRESSIVE;
				CLANG_CXX_LANGUAGE_STANDARD = "gnu++14";
				CLANG_CXX_LIBRARY = "libc++";
				CLANG_ENABLE_MODULES = YES;
				CLANG_ENABLE_OBJC_ARC = YES;
				CLANG_ENABLE_OBJC_WEAK = YES;
				CLANG_WARN_BLOCK_CAPTURE_AUTORELEASING = YES;
				CLANG_WARN_BOOL_CONVERSION = YES;
				CLANG_WARN_COMMA = YES;
				CLANG_WARN_CONSTANT_CONVERSION = YES;
				CLANG_WARN_DEPRECATED_OBJC_IMPLEMENTATIONS = YES;
				CLANG_WARN_DIRECT_OBJC_ISA_USAGE = YES_ERROR;
				CLANG_WARN_DOCUMENTATION_COMMENTS = YES;
				CLANG_WARN_EMPTY_BODY = YES;
				CLANG_WARN_ENUM_CONVERSION = YES;
				CLANG_WARN_INFINITE_RECURSION = YES;
				CLANG_WARN_INT_CONVERSION = YES;
				CLANG_WARN_NON_LITERAL_NULL_CONVERSION = YES;
				CLANG_WARN_OBJC_IMPLICIT_RETAIN_SELF = YES;
				CLANG_WARN_OBJC_LITERAL_CONVERSION = YES;
				CLANG_WARN_OBJC_ROOT_CLASS = YES_ERROR;
				CLANG_WARN_RANGE_LOOP_ANALYSIS = YES;
				CLANG_WARN_STRICT_PROTOTYPES = YES;
				CLANG_WARN_SUSPICIOUS_MOVE = YES;
				CLANG_WARN_UNGUARDED_AVAILABILITY = YES_AGGRESSIVE;
				CLANG_WARN_UNREACHABLE_CODE = YES;
				CLANG_WARN__DUPLICATE_METHOD_MATCH = YES;
				CODE_SIGN_IDENTITY = "iPhone Developer";
				COPY_PHASE_STRIP = NO;
				DEBUG_INFORMATION_FORMAT = dwarf;
				ENABLE_STRICT_OBJC_MSGSEND = YES;
				ENABLE_TESTABILITY = YES;
				GCC_C_LANGUAGE_STANDARD = gnu11;
				GCC_DYNAMIC_NO_PIC = NO;
				GCC_NO_COMMON_BLOCKS = YES;
				GCC_OPTIMIZATION_LEVEL = 0;
				GCC_PREPROCESSOR_DEFINITIONS = (
					"DEBUG=1",
					"$(inherited)",
				);
				GCC_WARN_64_TO_32_BIT_CONVERSION = YES;
				GCC_WARN_ABOUT_RETURN_TYPE = YES_ERROR;
				GCC_WARN_UNDECLARED_SELECTOR = YES;
				GCC_WARN_UNINITIALIZED_AUTOS = YES_AGGRESSIVE;
				GCC_WARN_UNUSED_FUNCTION = YES;
				GCC_WARN_UNUSED_VARIABLE = YES;
				IPHONEOS_DEPLOYMENT_TARGET = 12.2;
				MTL_ENABLE_DEBUG_INFO = INCLUDE_SOURCE;
				MTL_FAST_MATH = YES;
				ONLY_ACTIVE_ARCH = YES;
				SDKROOT = iphoneos;
				SWIFT_ACTIVE_COMPILATION_CONDITIONS = DEBUG;
				SWIFT_OPTIMIZATION_LEVEL = "-Onone";
			};
			name = Debug;
		};
		62E5CA3522901A74004D258A /* Release */ = {
			isa = XCBuildConfiguration;
			buildSettings = {
				ALWAYS_SEARCH_USER_PATHS = NO;
				CLANG_ANALYZER_NONNULL = YES;
				CLANG_ANALYZER_NUMBER_OBJECT_CONVERSION = YES_AGGRESSIVE;
				CLANG_CXX_LANGUAGE_STANDARD = "gnu++14";
				CLANG_CXX_LIBRARY = "libc++";
				CLANG_ENABLE_MODULES = YES;
				CLANG_ENABLE_OBJC_ARC = YES;
				CLANG_ENABLE_OBJC_WEAK = YES;
				CLANG_WARN_BLOCK_CAPTURE_AUTORELEASING = YES;
				CLANG_WARN_BOOL_CONVERSION = YES;
				CLANG_WARN_COMMA = YES;
				CLANG_WARN_CONSTANT_CONVERSION = YES;
				CLANG_WARN_DEPRECATED_OBJC_IMPLEMENTATIONS = YES;
				CLANG_WARN_DIRECT_OBJC_ISA_USAGE = YES_ERROR;
				CLANG_WARN_DOCUMENTATION_COMMENTS = YES;
				CLANG_WARN_EMPTY_BODY = YES;
				CLANG_WARN_ENUM_CONVERSION = YES;
				CLANG_WARN_INFINITE_RECURSION = YES;
				CLANG_WARN_INT_CONVERSION = YES;
				CLANG_WARN_NON_LITERAL_NULL_CONVERSION = YES;
				CLANG_WARN_OBJC_IMPLICIT_RETAIN_SELF = YES;
				CLANG_WARN_OBJC_LITERAL_CONVERSION = YES;
				CLANG_WARN_OBJC_ROOT_CLASS = YES_ERROR;
				CLANG_WARN_RANGE_LOOP_ANALYSIS = YES;
				CLANG_WARN_STRICT_PROTOTYPES = YES;
				CLANG_WARN_SUSPICIOUS_MOVE = YES;
				CLANG_WARN_UNGUARDED_AVAILABILITY = YES_AGGRESSIVE;
				CLANG_WARN_UNREACHABLE_CODE = YES;
				CLANG_WARN__DUPLICATE_METHOD_MATCH = YES;
				CODE_SIGN_IDENTITY = "iPhone Developer";
				COPY_PHASE_STRIP = NO;
				DEBUG_INFORMATION_FORMAT = "dwarf-with-dsym";
				ENABLE_NS_ASSERTIONS = NO;
				ENABLE_STRICT_OBJC_MSGSEND = YES;
				GCC_C_LANGUAGE_STANDARD = gnu11;
				GCC_NO_COMMON_BLOCKS = YES;
				GCC_WARN_64_TO_32_BIT_CONVERSION = YES;
				GCC_WARN_ABOUT_RETURN_TYPE = YES_ERROR;
				GCC_WARN_UNDECLARED_SELECTOR = YES;
				GCC_WARN_UNINITIALIZED_AUTOS = YES_AGGRESSIVE;
				GCC_WARN_UNUSED_FUNCTION = YES;
				GCC_WARN_UNUSED_VARIABLE = YES;
				IPHONEOS_DEPLOYMENT_TARGET = 12.2;
				MTL_ENABLE_DEBUG_INFO = NO;
				MTL_FAST_MATH = YES;
				SDKROOT = iphoneos;
				SWIFT_COMPILATION_MODE = wholemodule;
				SWIFT_OPTIMIZATION_LEVEL = "-O";
				VALIDATE_PRODUCT = YES;
			};
			name = Release;
		};
		62E5CA3722901A74004D258A /* Debug */ = {
			isa = XCBuildConfiguration;
			buildSettings = {
				ASSETCATALOG_COMPILER_APPICON_NAME = AppIcon;
				CODE_SIGN_STYLE = Automatic;
				DEVELOPMENT_TEAM = UETCN89GVG;
				FRAMEWORK_SEARCH_PATHS = "$(PROJECT_DIR)/../Carthage/Build/iOS";
				INFOPLIST_FILE = CameraCoreExample/Info.plist;
				IPHONEOS_DEPLOYMENT_TARGET = 11.0;
				LD_RUNPATH_SEARCH_PATHS = (
					"$(inherited)",
					"@executable_path/Frameworks",
				);
				PRODUCT_BUNDLE_IDENTIFIER = hideyuki.machida.CameraCoreExample;
				PRODUCT_NAME = "$(TARGET_NAME)";
				SWIFT_VERSION = 5.0;
				TARGETED_DEVICE_FAMILY = "1,2";
			};
			name = Debug;
		};
		62E5CA3822901A74004D258A /* Release */ = {
			isa = XCBuildConfiguration;
			buildSettings = {
				ASSETCATALOG_COMPILER_APPICON_NAME = AppIcon;
				CODE_SIGN_STYLE = Automatic;
				DEVELOPMENT_TEAM = UETCN89GVG;
				FRAMEWORK_SEARCH_PATHS = "$(PROJECT_DIR)/../Carthage/Build/iOS";
				INFOPLIST_FILE = CameraCoreExample/Info.plist;
				IPHONEOS_DEPLOYMENT_TARGET = 11.0;
				LD_RUNPATH_SEARCH_PATHS = (
					"$(inherited)",
					"@executable_path/Frameworks",
				);
				PRODUCT_BUNDLE_IDENTIFIER = hideyuki.machida.CameraCoreExample;
				PRODUCT_NAME = "$(TARGET_NAME)";
				SWIFT_VERSION = 5.0;
				TARGETED_DEVICE_FAMILY = "1,2";
			};
			name = Release;
		};
/* End XCBuildConfiguration section */

/* Begin XCConfigurationList section */
		62E5CA1F22901A72004D258A /* Build configuration list for PBXProject "CameraCoreExample" */ = {
			isa = XCConfigurationList;
			buildConfigurations = (
				62E5CA3422901A74004D258A /* Debug */,
				62E5CA3522901A74004D258A /* Release */,
			);
			defaultConfigurationIsVisible = 0;
			defaultConfigurationName = Release;
		};
		62E5CA3622901A74004D258A /* Build configuration list for PBXNativeTarget "CameraCoreExample" */ = {
			isa = XCConfigurationList;
			buildConfigurations = (
				62E5CA3722901A74004D258A /* Debug */,
				62E5CA3822901A74004D258A /* Release */,
			);
			defaultConfigurationIsVisible = 0;
			defaultConfigurationName = Release;
		};
/* End XCConfigurationList section */
	};
	rootObject = 62E5CA1C22901A72004D258A /* Project object */;
}
