{
  "object": {
    "pins": [
      {
        "package": "GraphicsLibs.Swift",
        "repositoryURL": "https://github.com/Hideyuki-Machida/GraphicsLibs.Swift",
        "state": {
          "branch": "master",
          "revision": "f8217e8bb3af77add4ad59ace8e52c71f9708a94",
          "version": null
        }
      },
      {
        "package": "iOS_DummyAVAssets",
        "repositoryURL": "https://github.com/Hideyuki-Machida/iOS_DummyAVAssets",
        "state": {
          "branch": "spm",
          "revision": "6fca9fee8b58d4456c122ef08d5e3e169d7d9abc",
          "version": null
        }
      },
      {
        "package": "MetalCanvas",
        "repositoryURL": "https://github.com/Hideyuki-Machida/MetalCanvas",
        "state": {
          "branch": "master",
          "revision": "c619468c5e75abcd53a1a9e9e58286b0030d094e",
          "version": null
        }
      },
      {
        "package": "ProcessLogger.Swift",
        "repositoryURL": "https://github.com/Hideyuki-Machida/ProcessLogger.Swift",
        "state": {
          "branch": "master",
          "revision": "624f37efdfca9f91a16f1e827f677ecf163153d0",
          "version": null
        }
      }
    ]
  },
  "version": 1
}
